{
  "name": "keyparty",
  "lockfileVersion": 3,
  "requires": true,
  "packages": {
    "": {
      "dependencies": {
        "keyparty": "file:packages/keyparty-npm"
      }
    },
    "node_modules/keyparty": {
      "resolved": "packages/keyparty-npm",
      "link": true
    },
    "packages/keyparty-npm": {
      "name": "keyparty",
      "version": "1.0.0",
      "hasInstallScript": true,
      "license": "MIT",
      "bin": {
        "keyparty": "bin/keyparty.js"
      },
      "engines": {
        "node": ">=18"
      }
    }
  }
}
